// !$*UTF8*$!
{
	archiveVersion = 1;
	classes = {
	};
	objectVersion = 56;
	objects = {

/* Begin PBXBuildFile section */
		19A78B2929F1776B003D5C33 /* KibristorApp.swift in Sources */ = {isa = PBXBuildFile; fileRef = 19A78B2829F1776B003D5C33 /* KibristorApp.swift */; };
		19A78B2B29F1776B003D5C33 /* ContentView.swift in Sources */ = {isa = PBXBuildFile; fileRef = 19A78B2A29F1776B003D5C33 /* ContentView.swift */; };
		19A78B2D29F1776E003D5C33 /* Assets.xcassets in Resources */ = {isa = PBXBuildFile; fileRef = 19A78B2C29F1776E003D5C33 /* Assets.xcassets */; };
		19A78B3029F1776E003D5C33 /* Preview Assets.xcassets in Resources */ = {isa = PBXBuildFile; fileRef = 19A78B2F29F1776E003D5C33 /* Preview Assets.xcassets */; };
		19A78B3929F1815E003D5C33 /* shoppingStuff.swift in Sources */ = {isa = PBXBuildFile; fileRef = 19A78B3829F1815E003D5C33 /* shoppingStuff.swift */; };
		19A78B3B29F18225003D5C33 /* shopItems.swift in Sources */ = {isa = PBXBuildFile; fileRef = 19A78B3A29F18225003D5C33 /* shopItems.swift */; };
		19A78B3D29F18439003D5C33 /* signinPage.swift in Sources */ = {isa = PBXBuildFile; fileRef = 19A78B3C29F18439003D5C33 /* signinPage.swift */; };
		19A78B3F29F1844D003D5C33 /* signupPage.swift in Sources */ = {isa = PBXBuildFile; fileRef = 19A78B3E29F1844D003D5C33 /* signupPage.swift */; };
/* End PBXBuildFile section */

/* Begin PBXFileReference section */
		19A78B2529F1776B003D5C33 /* Kibristor.app */ = {isa = PBXFileReference; explicitFileType = wrapper.application; includeInIndex = 0; path = Kibristor.app; sourceTree = BUILT_PRODUCTS_DIR; };
		19A78B2829F1776B003D5C33 /* KibristorApp.swift */ = {isa = PBXFileReference; lastKnownFileType = sourcecode.swift; path = KibristorApp.swift; sourceTree = "<group>"; };
		19A78B2A29F1776B003D5C33 /* ContentView.swift */ = {isa = PBXFileReference; lastKnownFileType = sourcecode.swift; path = ContentView.swift; sourceTree = "<group>"; };
		19A78B2C29F1776E003D5C33 /* Assets.xcassets */ = {isa = PBXFileReference; lastKnownFileType = folder.assetcatalog; path = Assets.xcassets; sourceTree = "<group>"; };
		19A78B2F29F1776E003D5C33 /* Preview Assets.xcassets */ = {isa = PBXFileReference; lastKnownFileType = folder.assetcatalog; path = "Preview Assets.xcassets"; sourceTree = "<group>"; };
		19A78B3829F1815E003D5C33 /* shoppingStuff.swift */ = {isa = PBXFileReference; lastKnownFileType = sourcecode.swift; path = shoppingStuff.swift; sourceTree = "<group>"; };
		19A78B3A29F18225003D5C33 /* shopItems.swift */ = {isa = PBXFileReference; lastKnownFileType = sourcecode.swift; path = shopItems.swift; sourceTree = "<group>"; };
		19A78B3C29F18439003D5C33 /* signinPage.swift */ = {isa = PBXFileReference; lastKnownFileType = sourcecode.swift; path = signinPage.swift; sourceTree = "<group>"; };
		19A78B3E29F1844D003D5C33 /* signupPage.swift */ = {isa = PBXFileReference; lastKnownFileType = sourcecode.swift; path = signupPage.swift; sourceTree = "<group>"; };
/* End PBXFileReference section */

/* Begin PBXFrameworksBuildPhase section */
		19A78B2229F1776B003D5C33 /* Frameworks */ = {
			isa = PBXFrameworksBuildPhase;
			buildActionMask = 2147483647;
			files = (
			);
			runOnlyForDeploymentPostprocessing = 0;
		};
/* End PBXFrameworksBuildPhase section */

/* Begin PBXGroup section */
		19A78B1C29F1776B003D5C33 = {
			isa = PBXGroup;
			children = (
				19A78B2729F1776B003D5C33 /* Kibristor */,
				19A78B2629F1776B003D5C33 /* Products */,
			);
			sourceTree = "<group>";
		};
		19A78B2629F1776B003D5C33 /* Products */ = {
			isa = PBXGroup;
			children = (
				19A78B2529F1776B003D5C33 /* Kibristor.app */,
			);
			name = Products;
			sourceTree = "<group>";
		};
		19A78B2729F1776B003D5C33 /* Kibristor */ = {
			isa = PBXGroup;
			children = (
				19A78B2829F1776B003D5C33 /* KibristorApp.swift */,
				19A78B2A29F1776B003D5C33 /* ContentView.swift */,
				19A78B2C29F1776E003D5C33 /* Assets.xcassets */,
				19A78B2E29F1776E003D5C33 /* Preview Content */,
				19A78B3829F1815E003D5C33 /* shoppingStuff.swift */,
				19A78B3A29F18225003D5C33 /* shopItems.swift */,
				19A78B3C29F18439003D5C33 /* signinPage.swift */,
				19A78B3E29F1844D003D5C33 /* signupPage.swift */,
			);
			path = Kibristor;
			sourceTree = "<group>";
		};
		19A78B2E29F1776E003D5C33 /* Preview Content */ = {
			isa = PBXGroup;
			children = (
				19A78B2F29F1776E003D5C33 /* Preview Assets.xcassets */,
			);
			path = "Preview Content";
			sourceTree = "<group>";
		};
/* End PBXGroup section */

/* Begin PBXNativeTarget section */
		19A78B2429F1776B003D5C33 /* Kibristor */ = {
			isa = PBXNativeTarget;
			buildConfigurationList = 19A78B3329F1776E003D5C33 /* Build configuration list for PBXNativeTarget "Kibristor" */;
			buildPhases = (
				19A78B2129F1776B003D5C33 /* Sources */,
				19A78B2229F1776B003D5C33 /* Frameworks */,
				19A78B2329F1776B003D5C33 /* Resources */,
			);
			buildRules = (
			);
			dependencies = (
			);
			name = Kibristor;
			productName = Kibristor;
			productReference = 19A78B2529F1776B003D5C33 /* Kibristor.app */;
			productType = "com.apple.product-type.application";
		};
/* End PBXNativeTarget section */

/* Begin PBXProject section */
		19A78B1D29F1776B003D5C33 /* Project object */ = {
			isa = PBXProject;
			attributes = {
				BuildIndependentTargetsInParallel = 1;
				LastSwiftUpdateCheck = 1430;
				LastUpgradeCheck = 1430;
				TargetAttributes = {
					19A78B2429F1776B003D5C33 = {
						CreatedOnToolsVersion = 14.3;
					};
				};
			};
			buildConfigurationList = 19A78B2029F1776B003D5C33 /* Build configuration list for PBXProject "Kibristor" */;
			compatibilityVersion = "Xcode 14.0";
			developmentRegion = en;
			hasScannedForEncodings = 0;
			knownRegions = (
				en,
				Base,
			);
			mainGroup = 19A78B1C29F1776B003D5C33;
			productRefGroup = 19A78B2629F1776B003D5C33 /* Products */;
			projectDirPath = "";
			projectRoot = "";
			targets = (
				19A78B2429F1776B003D5C33 /* Kibristor */,
			);
		};
/* End PBXProject section */

/* Begin PBXResourcesBuildPhase section */
		19A78B2329F1776B003D5C33 /* Resources */ = {
			isa = PBXResourcesBuildPhase;
			buildActionMask = 2147483647;
			files = (
				19A78B3029F1776E003D5C33 /* Preview Assets.xcassets in Resources */,
				19A78B2D29F1776E003D5C33 /* Assets.xcassets in Resources */,
			);
			runOnlyForDeploymentPostprocessing = 0;
		};
/* End PBXResourcesBuildPhase section */

/* Begin PBXSourcesBuildPhase section */
		19A78B2129F1776B003D5C33 /* Sources */ = {
			isa = PBXSourcesBuildPhase;
			buildActionMask = 2147483647;
			files = (
				19A78B3F29F1844D003D5C33 /* signupPage.swift in Sources */,
				19A78B2B29F1776B003D5C33 /* ContentView.swift in Sources */,
				19A78B3929F1815E003D5C33 /* shoppingStuff.swift in Sources */,
				19A78B3D29F18439003D5C33 /* signinPage.swift in Sources */,
				19A78B3B29F18225003D5C33 /* shopItems.swift in Sources */,
				19A78B2929F1776B003D5C33 /* KibristorApp.swift in Sources */,
			);
			runOnlyForDeploymentPostprocessing = 0;
		};
/* End PBXSourcesBuildPhase section */

/* Begin XCBuildConfiguration section */
		19A78B3129F1776E003D5C33 /* Debug */ = {
			isa = XCBuildConfiguration;
			buildSettings = {
				ALWAYS_SEARCH_USER_PATHS = NO;
				CLANG_ANALYZER_NONNULL = YES;
				CLANG_ANALYZER_NUMBER_OBJECT_CONVERSION = YES_AGGRESSIVE;
				CLANG_CXX_LANGUAGE_STANDARD = "gnu++20";
				CLANG_ENABLE_MODULES = YES;
				CLANG_ENABLE_OBJC_ARC = YES;
				CLANG_ENABLE_OBJC_WEAK = YES;
				CLANG_WARN_BLOCK_CAPTURE_AUTORELEASING = YES;
				CLANG_WARN_BOOL_CONVERSION = YES;
				CLANG_WARN_COMMA = YES;
				CLANG_WARN_CONSTANT_CONVERSION = YES;
				CLANG_WARN_DEPRECATED_OBJC_IMPLEMENTATIONS = YES;
				CLANG_WARN_DIRECT_OBJC_ISA_USAGE = YES_ERROR;
				CLANG_WARN_DOCUMENTATION_COMMENTS = YES;
				CLANG_WARN_EMPTY_BODY = YES;
				CLANG_WARN_ENUM_CONVERSION = YES;
				CLANG_WARN_INFINITE_RECURSION = YES;
				CLANG_WARN_INT_CONVERSION = YES;
				CLANG_WARN_NON_LITERAL_NULL_CONVERSION = YES;
				CLANG_WARN_OBJC_IMPLICIT_RETAIN_SELF = YES;
				CLANG_WARN_OBJC_LITERAL_CONVERSION = YES;
				CLANG_WARN_OBJC_ROOT_CLASS = YES_ERROR;
				CLANG_WARN_QUOTED_INCLUDE_IN_FRAMEWORK_HEADER = YES;
				CLANG_WARN_RANGE_LOOP_ANALYSIS = YES;
				CLANG_WARN_STRICT_PROTOTYPES = YES;
				CLANG_WARN_SUSPICIOUS_MOVE = YES;
				CLANG_WARN_UNGUARDED_AVAILABILITY = YES_AGGRESSIVE;
				CLANG_WARN_UNREACHABLE_CODE = YES;
				CLANG_WARN__DUPLICATE_METHOD_MATCH = YES;
				COPY_PHASE_STRIP = NO;
				DEBUG_INFORMATION_FORMAT = dwarf;
				ENABLE_STRICT_OBJC_MSGSEND = YES;
				ENABLE_TESTABILITY = YES;
				GCC_C_LANGUAGE_STANDARD = gnu11;
				GCC_DYNAMIC_NO_PIC = NO;
				GCC_NO_COMMON_BLOCKS = YES;
				GCC_OPTIMIZATION_LEVEL = 0;
				GCC_PREPROCESSOR_DEFINITIONS = (
					"DEBUG=1",
					"$(inherited)",
				);
				GCC_WARN_64_TO_32_BIT_CONVERSION = YES;
				GCC_WARN_ABOUT_RETURN_TYPE = YES_ERROR;
				GCC_WARN_UNDECLARED_SELECTOR = YES;
				GCC_WARN_UNINITIALIZED_AUTOS = YES_AGGRESSIVE;
				GCC_WARN_UNUSED_FUNCTION = YES;
				GCC_WARN_UNUSED_VARIABLE = YES;
				IPHONEOS_DEPLOYMENT_TARGET = 16.4;
				MTL_ENABLE_DEBUG_INFO = INCLUDE_SOURCE;
				MTL_FAST_MATH = YES;
				ONLY_ACTIVE_ARCH = YES;
				SDKROOT = iphoneos;
				SWIFT_ACTIVE_COMPILATION_CONDITIONS = DEBUG;
				SWIFT_OPTIMIZATION_LEVEL = "-Onone";
			};
			name = Debug;
		};
		19A78B3229F1776E003D5C33 /* Release */ = {
			isa = XCBuildConfiguration;
			buildSettings = {
				ALWAYS_SEARCH_USER_PATHS = NO;
				CLANG_ANALYZER_NONNULL = YES;
				CLANG_ANALYZER_NUMBER_OBJECT_CONVERSION = YES_AGGRESSIVE;
				CLANG_CXX_LANGUAGE_STANDARD = "gnu++20";
				CLANG_ENABLE_MODULES = YES;
				CLANG_ENABLE_OBJC_ARC = YES;
				CLANG_ENABLE_OBJC_WEAK = YES;
				CLANG_WARN_BLOCK_CAPTURE_AUTORELEASING = YES;
				CLANG_WARN_BOOL_CONVERSION = YES;
				CLANG_WARN_COMMA = YES;
				CLANG_WARN_CONSTANT_CONVERSION = YES;
				CLANG_WARN_DEPRECATED_OBJC_IMPLEMENTATIONS = YES;
				CLANG_WARN_DIRECT_OBJC_ISA_USAGE = YES_ERROR;
				CLANG_WARN_DOCUMENTATION_COMMENTS = YES;
				CLANG_WARN_EMPTY_BODY = YES;
				CLANG_WARN_ENUM_CONVERSION = YES;
				CLANG_WARN_INFINITE_RECURSION = YES;
				CLANG_WARN_INT_CONVERSION = YES;
				CLANG_WARN_NON_LITERAL_NULL_CONVERSION = YES;
				CLANG_WARN_OBJC_IMPLICIT_RETAIN_SELF = YES;
				CLANG_WARN_OBJC_LITERAL_CONVERSION = YES;
				CLANG_WARN_OBJC_ROOT_CLASS = YES_ERROR;
				CLANG_WARN_QUOTED_INCLUDE_IN_FRAMEWORK_HEADER = YES;
				CLANG_WARN_RANGE_LOOP_ANALYSIS = YES;
				CLANG_WARN_STRICT_PROTOTYPES = YES;
				CLANG_WARN_SUSPICIOUS_MOVE = YES;
				CLANG_WARN_UNGUARDED_AVAILABILITY = YES_AGGRESSIVE;
				CLANG_WARN_UNREACHABLE_CODE = YES;
				CLANG_WARN__DUPLICATE_METHOD_MATCH = YES;
				COPY_PHASE_STRIP = NO;
				DEBUG_INFORMATION_FORMAT = "dwarf-with-dsym";
				ENABLE_NS_ASSERTIONS = NO;
				ENABLE_STRICT_OBJC_MSGSEND = YES;
				GCC_C_LANGUAGE_STANDARD = gnu11;
				GCC_NO_COMMON_BLOCKS = YES;
				GCC_WARN_64_TO_32_BIT_CONVERSION = YES;
				GCC_WARN_ABOUT_RETURN_TYPE = YES_ERROR;
				GCC_WARN_UNDECLARED_SELECTOR = YES;
				GCC_WARN_UNINITIALIZED_AUTOS = YES_AGGRESSIVE;
				GCC_WARN_UNUSED_FUNCTION = YES;
				GCC_WARN_UNUSED_VARIABLE = YES;
				IPHONEOS_DEPLOYMENT_TARGET = 16.4;
				MTL_ENABLE_DEBUG_INFO = NO;
				MTL_FAST_MATH = YES;
				SDKROOT = iphoneos;
				SWIFT_COMPILATION_MODE = wholemodule;
				SWIFT_OPTIMIZATION_LEVEL = "-O";
				VALIDATE_PRODUCT = YES;
			};
			name = Release;
		};
		19A78B3429F1776E003D5C33 /* Debug */ = {
			isa = XCBuildConfiguration;
			buildSettings = {
				ASSETCATALOG_COMPILER_APPICON_NAME = AppIcon;
				ASSETCATALOG_COMPILER_GLOBAL_ACCENT_COLOR_NAME = AccentColor;
				CODE_SIGN_STYLE = Automatic;
				CURRENT_PROJECT_VERSION = 1;
				DEVELOPMENT_ASSET_PATHS = "\"Kibristor/Preview Content\"";
				DEVELOPMENT_TEAM = TDZ4N8TP7G;
				ENABLE_PREVIEWS = YES;
				GENERATE_INFOPLIST_FILE = YES;
				INFOPLIST_KEY_UIApplicationSceneManifest_Generation = YES;
				INFOPLIST_KEY_UIApplicationSupportsIndirectInputEvents = YES;
				INFOPLIST_KEY_UILaunchScreen_Generation = YES;
				INFOPLIST_KEY_UISupportedInterfaceOrientations_iPad = "UIInterfaceOrientationPortrait UIInterfaceOrientationPortraitUpsideDown UIInterfaceOrientationLandscapeLeft UIInterfaceOrientationLandscapeRight";
				INFOPLIST_KEY_UISupportedInterfaceOrientations_iPhone = "UIInterfaceOrientationPortrait UIInterfaceOrientationLandscapeLeft UIInterfaceOrientationLandscapeRight";
				LD_RUNPATH_SEARCH_PATHS = (
					"$(inherited)",
					"@executable_path/Frameworks",
				);
				MARKETING_VERSION = 1.0;
				PRODUCT_BUNDLE_IDENTIFIER = com.omnivrr.Kibristor;
				PRODUCT_NAME = "$(TARGET_NAME)";
				SWIFT_EMIT_LOC_STRINGS = YES;
				SWIFT_VERSION = 5.0;
				TARGETED_DEVICE_FAMILY = "1,2";
			};
			name = Debug;
		};
		19A78B3529F1776E003D5C33 /* Release */ = {
			isa = XCBuildConfiguration;
			buildSettings = {
				ASSETCATALOG_COMPILER_APPICON_NAME = AppIcon;
				ASSETCATALOG_COMPILER_GLOBAL_ACCENT_COLOR_NAME = AccentColor;
				CODE_SIGN_STYLE = Automatic;
				CURRENT_PROJECT_VERSION = 1;
				DEVELOPMENT_ASSET_PATHS = "\"Kibristor/Preview Content\"";
				DEVELOPMENT_TEAM = TDZ4N8TP7G;
				ENABLE_PREVIEWS = YES;
				GENERATE_INFOPLIST_FILE = YES;
				INFOPLIST_KEY_UIApplicationSceneManifest_Generation = YES;
				INFOPLIST_KEY_UIApplicationSupportsIndirectInputEvents = YES;
				INFOPLIST_KEY_UILaunchScreen_Generation = YES;
				INFOPLIST_KEY_UISupportedInterfaceOrientations_iPad = "UIInterfaceOrientationPortrait UIInterfaceOrientationPortraitUpsideDown UIInterfaceOrientationLandscapeLeft UIInterfaceOrientationLandscapeRight";
				INFOPLIST_KEY_UISupportedInterfaceOrientations_iPhone = "UIInterfaceOrientationPortrait UIInterfaceOrientationLandscapeLeft UIInterfaceOrientationLandscapeRight";
				LD_RUNPATH_SEARCH_PATHS = (
					"$(inherited)",
					"@executable_path/Frameworks",
				);
				MARKETING_VERSION = 1.0;
				PRODUCT_BUNDLE_IDENTIFIER = com.omnivrr.Kibristor;
				PRODUCT_NAME = "$(TARGET_NAME)";
				SWIFT_EMIT_LOC_STRINGS = YES;
				SWIFT_VERSION = 5.0;
				TARGETED_DEVICE_FAMILY = "1,2";
			};
			name = Release;
		};
/* End XCBuildConfiguration section */

/* Begin XCConfigurationList section */
		19A78B2029F1776B003D5C33 /* Build configuration list for PBXProject "Kibristor" */ = {
			isa = XCConfigurationList;
			buildConfigurations = (
				19A78B3129F1776E003D5C33 /* Debug */,
				19A78B3229F1776E003D5C33 /* Release */,
			);
			defaultConfigurationIsVisible = 0;
			defaultConfigurationName = Release;
		};
		19A78B3329F1776E003D5C33 /* Build configuration list for PBXNativeTarget "Kibristor" */ = {
			isa = XCConfigurationList;
			buildConfigurations = (
				19A78B3429F1776E003D5C33 /* Debug */,
				19A78B3529F1776E003D5C33 /* Release */,
			);
			defaultConfigurationIsVisible = 0;
			defaultConfigurationName = Release;
		};
/* End XCConfigurationList section */
	};
	rootObject = 19A78B1D29F1776B003D5C33 /* Project object */;
}
